
Microsoft Visual Studio Solution File, Format Version 12.00
# Visual Studio for Mac
Project("{FAE04EC0-301F-11D3-BF4B-00C04F79EFBC}") = "Assembly-CSharp", "Assembly-CSharp.csproj", "{EBC645BB-10EE-99D7-1378-FF0A0D8101C6}"
EndProject
Global
	GlobalSection(SolutionConfigurationPlatforms) = preSolution
		Debug|Any CPU = Debug|Any CPU
		Release|Any CPU = Release|Any CPU
	EndGlobalSection
	GlobalSection(ProjectConfigurationPlatforms) = postSolution
		{EBC645BB-10EE-99D7-1378-FF0A0D8101C6}.Debug|Any CPU.ActiveCfg = Debug|Any CPU
		{EBC645BB-10EE-99D7-1378-FF0A0D8101C6}.Debug|Any CPU.Build.0 = Debug|Any CPU
		{EBC645BB-10EE-99D7-1378-FF0A0D8101C6}.Release|Any CPU.ActiveCfg = Release|Any CPU
		{EBC645BB-10EE-99D7-1378-FF0A0D8101C6}.Release|Any CPU.Build.0 = Release|Any CPU
	EndGlobalSection
	GlobalSection(SolutionProperties) = preSolution
		HideSolutionNode = FALSE
	EndGlobalSection
EndGlobal
